// !$*UTF8*$!
{
	archiveVersion = 1;
	classes = {
	};
	objectVersion = 48;
	objects = {

/* Begin PBXBuildFile section */
		2825767820872EC0004D1D38 /* AppDelegate.m in Sources */ = {isa = PBXBuildFile; fileRef = 2825767720872EC0004D1D38 /* AppDelegate.m */; };
		2825767B20872EC0004D1D38 /* ViewController.m in Sources */ = {isa = PBXBuildFile; fileRef = 2825767A20872EC0004D1D38 /* ViewController.m */; };
		2825767E20872EC0004D1D38 /* Main.storyboard in Resources */ = {isa = PBXBuildFile; fileRef = 2825767C20872EC0004D1D38 /* Main.storyboard */; };
		2825768020872EC0004D1D38 /* Assets.xcassets in Resources */ = {isa = PBXBuildFile; fileRef = 2825767F20872EC0004D1D38 /* Assets.xcassets */; };
		2825768320872EC0004D1D38 /* LaunchScreen.storyboard in Resources */ = {isa = PBXBuildFile; fileRef = 2825768120872EC0004D1D38 /* LaunchScreen.storyboard */; };
		2825768620872EC0004D1D38 /* main.m in Sources */ = {isa = PBXBuildFile; fileRef = 2825768520872EC0004D1D38 /* main.m */; };
		284A053A2094445900AC7421 /* UIImage+Format.m in Sources */ = {isa = PBXBuildFile; fileRef = 284A05392094445900AC7421 /* UIImage+Format.m */; };
		284A055020947F1A00AC7421 /* SelPlayerConfiguration.m in Sources */ = {isa = PBXBuildFile; fileRef = 284A054D20947F1900AC7421 /* SelPlayerConfiguration.m */; };
		284A055820947F3000AC7421 /* SelVideoPlayer.m in Sources */ = {isa = PBXBuildFile; fileRef = 284A055420947F2F00AC7421 /* SelVideoPlayer.m */; };
		284A055920947F3000AC7421 /* SelVideoSlider.m in Sources */ = {isa = PBXBuildFile; fileRef = 284A055620947F2F00AC7421 /* SelVideoSlider.m */; };
		284A055A20947F3000AC7421 /* SelPlaybackControls.m in Sources */ = {isa = PBXBuildFile; fileRef = 284A055720947F3000AC7421 /* SelPlaybackControls.m */; };
		284A057520947F4F00AC7421 /* MASCompositeConstraint.m in Sources */ = {isa = PBXBuildFile; fileRef = 284A055D20947F4F00AC7421 /* MASCompositeConstraint.m */; };
		284A057620947F4F00AC7421 /* MASConstraint.m in Sources */ = {isa = PBXBuildFile; fileRef = 284A056020947F4F00AC7421 /* MASConstraint.m */; };
		284A057720947F4F00AC7421 /* MASConstraintMaker.m in Sources */ = {isa = PBXBuildFile; fileRef = 284A056220947F4F00AC7421 /* MASConstraintMaker.m */; };
		284A057820947F4F00AC7421 /* MASLayoutConstraint.m in Sources */ = {isa = PBXBuildFile; fileRef = 284A056420947F4F00AC7421 /* MASLayoutConstraint.m */; };
		284A057920947F4F00AC7421 /* MASViewAttribute.m in Sources */ = {isa = PBXBuildFile; fileRef = 284A056820947F4F00AC7421 /* MASViewAttribute.m */; };
		284A057A20947F4F00AC7421 /* MASViewConstraint.m in Sources */ = {isa = PBXBuildFile; fileRef = 284A056A20947F4F00AC7421 /* MASViewConstraint.m */; };
		284A057B20947F4F00AC7421 /* NSArray+MASAdditions.m in Sources */ = {isa = PBXBuildFile; fileRef = 284A056C20947F4F00AC7421 /* NSArray+MASAdditions.m */; };
		284A057C20947F4F00AC7421 /* NSLayoutConstraint+MASDebugAdditions.m in Sources */ = {isa = PBXBuildFile; fileRef = 284A056F20947F4F00AC7421 /* NSLayoutConstraint+MASDebugAdditions.m */; };
		284A057D20947F4F00AC7421 /* View+MASAdditions.m in Sources */ = {isa = PBXBuildFile; fileRef = 284A057120947F4F00AC7421 /* View+MASAdditions.m */; };
		284A057E20947F4F00AC7421 /* ViewController+MASAdditions.m in Sources */ = {isa = PBXBuildFile; fileRef = 284A057420947F4F00AC7421 /* ViewController+MASAdditions.m */; };
		284A058120947FC600AC7421 /* UIViewController+PlayerRotation.m in Sources */ = {isa = PBXBuildFile; fileRef = 284A057F20947FC600AC7421 /* UIViewController+PlayerRotation.m */; };
		284A05842094842F00AC7421 /* FFPlayerControlsView.m in Sources */ = {isa = PBXBuildFile; fileRef = 284A05832094842F00AC7421 /* FFPlayerControlsView.m */; };
		284A05872094844400AC7421 /* FFPlayerConfiguration.m in Sources */ = {isa = PBXBuildFile; fileRef = 284A05862094844400AC7421 /* FFPlayerConfiguration.m */; };
		284A058A209485AB00AC7421 /* FFVideoPlayerView.m in Sources */ = {isa = PBXBuildFile; fileRef = 284A0589209485AB00AC7421 /* FFVideoPlayerView.m */; };
		28D35EAA2089994700229299 /* FFPlayerView.m in Sources */ = {isa = PBXBuildFile; fileRef = 28D35EA92089994700229299 /* FFPlayerView.m */; };
		28D35EAD2089995900229299 /* FFPlayerViewController.m in Sources */ = {isa = PBXBuildFile; fileRef = 28D35EAC2089995900229299 /* FFPlayerViewController.m */; };
/* End PBXBuildFile section */

/* Begin PBXFileReference section */
		2825767320872EC0004D1D38 /* FFAVPlayer.app */ = {isa = PBXFileReference; explicitFileType = wrapper.application; includeInIndex = 0; path = FFAVPlayer.app; sourceTree = BUILT_PRODUCTS_DIR; };
		2825767620872EC0004D1D38 /* AppDelegate.h */ = {isa = PBXFileReference; lastKnownFileType = sourcecode.c.h; path = AppDelegate.h; sourceTree = "<group>"; };
		2825767720872EC0004D1D38 /* AppDelegate.m */ = {isa = PBXFileReference; lastKnownFileType = sourcecode.c.objc; path = AppDelegate.m; sourceTree = "<group>"; };
		2825767920872EC0004D1D38 /* ViewController.h */ = {isa = PBXFileReference; lastKnownFileType = sourcecode.c.h; path = ViewController.h; sourceTree = "<group>"; };
		2825767A20872EC0004D1D38 /* ViewController.m */ = {isa = PBXFileReference; lastKnownFileType = sourcecode.c.objc; path = ViewController.m; sourceTree = "<group>"; };
		2825767D20872EC0004D1D38 /* Base */ = {isa = PBXFileReference; lastKnownFileType = file.storyboard; name = Base; path = Base.lproj/Main.storyboard; sourceTree = "<group>"; };
		2825767F20872EC0004D1D38 /* Assets.xcassets */ = {isa = PBXFileReference; lastKnownFileType = folder.assetcatalog; path = Assets.xcassets; sourceTree = "<group>"; };
		2825768220872EC0004D1D38 /* Base */ = {isa = PBXFileReference; lastKnownFileType = file.storyboard; name = Base; path = Base.lproj/LaunchScreen.storyboard; sourceTree = "<group>"; };
		2825768420872EC0004D1D38 /* Info.plist */ = {isa = PBXFileReference; lastKnownFileType = text.plist.xml; path = Info.plist; sourceTree = "<group>"; };
		2825768520872EC0004D1D38 /* main.m */ = {isa = PBXFileReference; lastKnownFileType = sourcecode.c.objc; path = main.m; sourceTree = "<group>"; };
		2825768D208730B5004D1D38 /* AVFoundation.framework */ = {isa = PBXFileReference; lastKnownFileType = wrapper.framework; name = AVFoundation.framework; path = System/Library/Frameworks/AVFoundation.framework; sourceTree = SDKROOT; };
		284A05382094445900AC7421 /* UIImage+Format.h */ = {isa = PBXFileReference; fileEncoding = 4; lastKnownFileType = sourcecode.c.h; path = "UIImage+Format.h"; sourceTree = "<group>"; };
		284A05392094445900AC7421 /* UIImage+Format.m */ = {isa = PBXFileReference; fileEncoding = 4; lastKnownFileType = sourcecode.c.objc; path = "UIImage+Format.m"; sourceTree = "<group>"; };
		284A054C20947F1900AC7421 /* SelPlayerConfiguration.h */ = {isa = PBXFileReference; fileEncoding = 4; lastKnownFileType = sourcecode.c.h; path = SelPlayerConfiguration.h; sourceTree = "<group>"; };
		284A054D20947F1900AC7421 /* SelPlayerConfiguration.m */ = {isa = PBXFileReference; fileEncoding = 4; lastKnownFileType = sourcecode.c.objc; path = SelPlayerConfiguration.m; sourceTree = "<group>"; };
		284A055220947F2F00AC7421 /* SelPlaybackControls.h */ = {isa = PBXFileReference; fileEncoding = 4; lastKnownFileType = sourcecode.c.h; path = SelPlaybackControls.h; sourceTree = "<group>"; };
		284A055320947F2F00AC7421 /* SelVideoPlayer.h */ = {isa = PBXFileReference; fileEncoding = 4; lastKnownFileType = sourcecode.c.h; path = SelVideoPlayer.h; sourceTree = "<group>"; };
		284A055420947F2F00AC7421 /* SelVideoPlayer.m */ = {isa = PBXFileReference; fileEncoding = 4; lastKnownFileType = sourcecode.c.objc; path = SelVideoPlayer.m; sourceTree = "<group>"; };
		284A055520947F2F00AC7421 /* SelVideoSlider.h */ = {isa = PBXFileReference; fileEncoding = 4; lastKnownFileType = sourcecode.c.h; path = SelVideoSlider.h; sourceTree = "<group>"; };
		284A055620947F2F00AC7421 /* SelVideoSlider.m */ = {isa = PBXFileReference; fileEncoding = 4; lastKnownFileType = sourcecode.c.objc; path = SelVideoSlider.m; sourceTree = "<group>"; };
		284A055720947F3000AC7421 /* SelPlaybackControls.m */ = {isa = PBXFileReference; fileEncoding = 4; lastKnownFileType = sourcecode.c.objc; path = SelPlaybackControls.m; sourceTree = "<group>"; };
		284A055C20947F4F00AC7421 /* MASCompositeConstraint.h */ = {isa = PBXFileReference; fileEncoding = 4; lastKnownFileType = sourcecode.c.h; path = MASCompositeConstraint.h; sourceTree = "<group>"; };
		284A055D20947F4F00AC7421 /* MASCompositeConstraint.m */ = {isa = PBXFileReference; fileEncoding = 4; lastKnownFileType = sourcecode.c.objc; path = MASCompositeConstraint.m; sourceTree = "<group>"; };
		284A055E20947F4F00AC7421 /* MASConstraint+Private.h */ = {isa = PBXFileReference; fileEncoding = 4; lastKnownFileType = sourcecode.c.h; path = "MASConstraint+Private.h"; sourceTree = "<group>"; };
		284A055F20947F4F00AC7421 /* MASConstraint.h */ = {isa = PBXFileReference; fileEncoding = 4; lastKnownFileType = sourcecode.c.h; path = MASConstraint.h; sourceTree = "<group>"; };
		284A056020947F4F00AC7421 /* MASConstraint.m */ = {isa = PBXFileReference; fileEncoding = 4; lastKnownFileType = sourcecode.c.objc; path = MASConstraint.m; sourceTree = "<group>"; };
		284A056120947F4F00AC7421 /* MASConstraintMaker.h */ = {isa = PBXFileReference; fileEncoding = 4; lastKnownFileType = sourcecode.c.h; path = MASConstraintMaker.h; sourceTree = "<group>"; };
		284A056220947F4F00AC7421 /* MASConstraintMaker.m */ = {isa = PBXFileReference; fileEncoding = 4; lastKnownFileType = sourcecode.c.objc; path = MASConstraintMaker.m; sourceTree = "<group>"; };
		284A056320947F4F00AC7421 /* MASLayoutConstraint.h */ = {isa = PBXFileReference; fileEncoding = 4; lastKnownFileType = sourcecode.c.h; path = MASLayoutConstraint.h; sourceTree = "<group>"; };
		284A056420947F4F00AC7421 /* MASLayoutConstraint.m */ = {isa = PBXFileReference; fileEncoding = 4; lastKnownFileType = sourcecode.c.objc; path = MASLayoutConstraint.m; sourceTree = "<group>"; };
		284A056520947F4F00AC7421 /* Masonry.h */ = {isa = PBXFileReference; fileEncoding = 4; lastKnownFileType = sourcecode.c.h; path = Masonry.h; sourceTree = "<group>"; };
		284A056620947F4F00AC7421 /* MASUtilities.h */ = {isa = PBXFileReference; fileEncoding = 4; lastKnownFileType = sourcecode.c.h; path = MASUtilities.h; sourceTree = "<group>"; };
		284A056720947F4F00AC7421 /* MASViewAttribute.h */ = {isa = PBXFileReference; fileEncoding = 4; lastKnownFileType = sourcecode.c.h; path = MASViewAttribute.h; sourceTree = "<group>"; };
		284A056820947F4F00AC7421 /* MASViewAttribute.m */ = {isa = PBXFileReference; fileEncoding = 4; lastKnownFileType = sourcecode.c.objc; path = MASViewAttribute.m; sourceTree = "<group>"; };
		284A056920947F4F00AC7421 /* MASViewConstraint.h */ = {isa = PBXFileReference; fileEncoding = 4; lastKnownFileType = sourcecode.c.h; path = MASViewConstraint.h; sourceTree = "<group>"; };
		284A056A20947F4F00AC7421 /* MASViewConstraint.m */ = {isa = PBXFileReference; fileEncoding = 4; lastKnownFileType = sourcecode.c.objc; path = MASViewConstraint.m; sourceTree = "<group>"; };
		284A056B20947F4F00AC7421 /* NSArray+MASAdditions.h */ = {isa = PBXFileReference; fileEncoding = 4; lastKnownFileType = sourcecode.c.h; path = "NSArray+MASAdditions.h"; sourceTree = "<group>"; };
		284A056C20947F4F00AC7421 /* NSArray+MASAdditions.m */ = {isa = PBXFileReference; fileEncoding = 4; lastKnownFileType = sourcecode.c.objc; path = "NSArray+MASAdditions.m"; sourceTree = "<group>"; };
		284A056D20947F4F00AC7421 /* NSArray+MASShorthandAdditions.h */ = {isa = PBXFileReference; fileEncoding = 4; lastKnownFileType = sourcecode.c.h; path = "NSArray+MASShorthandAdditions.h"; sourceTree = "<group>"; };
		284A056E20947F4F00AC7421 /* NSLayoutConstraint+MASDebugAdditions.h */ = {isa = PBXFileReference; fileEncoding = 4; lastKnownFileType = sourcecode.c.h; path = "NSLayoutConstraint+MASDebugAdditions.h"; sourceTree = "<group>"; };
		284A056F20947F4F00AC7421 /* NSLayoutConstraint+MASDebugAdditions.m */ = {isa = PBXFileReference; fileEncoding = 4; lastKnownFileType = sourcecode.c.objc; path = "NSLayoutConstraint+MASDebugAdditions.m"; sourceTree = "<group>"; };
		284A057020947F4F00AC7421 /* View+MASAdditions.h */ = {isa = PBXFileReference; fileEncoding = 4; lastKnownFileType = sourcecode.c.h; path = "View+MASAdditions.h"; sourceTree = "<group>"; };
		284A057120947F4F00AC7421 /* View+MASAdditions.m */ = {isa = PBXFileReference; fileEncoding = 4; lastKnownFileType = sourcecode.c.objc; path = "View+MASAdditions.m"; sourceTree = "<group>"; };
		284A057220947F4F00AC7421 /* View+MASShorthandAdditions.h */ = {isa = PBXFileReference; fileEncoding = 4; lastKnownFileType = sourcecode.c.h; path = "View+MASShorthandAdditions.h"; sourceTree = "<group>"; };
		284A057320947F4F00AC7421 /* ViewController+MASAdditions.h */ = {isa = PBXFileReference; fileEncoding = 4; lastKnownFileType = sourcecode.c.h; path = "ViewController+MASAdditions.h"; sourceTree = "<group>"; };
		284A057420947F4F00AC7421 /* ViewController+MASAdditions.m */ = {isa = PBXFileReference; fileEncoding = 4; lastKnownFileType = sourcecode.c.objc; path = "ViewController+MASAdditions.m"; sourceTree = "<group>"; };
		284A057F20947FC600AC7421 /* UIViewController+PlayerRotation.m */ = {isa = PBXFileReference; fileEncoding = 4; lastKnownFileType = sourcecode.c.objc; path = "UIViewController+PlayerRotation.m"; sourceTree = "<group>"; };
		284A058020947FC600AC7421 /* UIViewController+PlayerRotation.h */ = {isa = PBXFileReference; fileEncoding = 4; lastKnownFileType = sourcecode.c.h; path = "UIViewController+PlayerRotation.h"; sourceTree = "<group>"; };
		284A05822094842F00AC7421 /* FFPlayerControlsView.h */ = {isa = PBXFileReference; lastKnownFileType = sourcecode.c.h; path = FFPlayerControlsView.h; sourceTree = "<group>"; };
		284A05832094842F00AC7421 /* FFPlayerControlsView.m */ = {isa = PBXFileReference; lastKnownFileType = sourcecode.c.objc; path = FFPlayerControlsView.m; sourceTree = "<group>"; };
		284A05852094844400AC7421 /* FFPlayerConfiguration.h */ = {isa = PBXFileReference; lastKnownFileType = sourcecode.c.h; path = FFPlayerConfiguration.h; sourceTree = "<group>"; };
		284A05862094844400AC7421 /* FFPlayerConfiguration.m */ = {isa = PBXFileReference; lastKnownFileType = sourcecode.c.objc; path = FFPlayerConfiguration.m; sourceTree = "<group>"; };
		284A0588209485AB00AC7421 /* FFVideoPlayerView.h */ = {isa = PBXFileReference; lastKnownFileType = sourcecode.c.h; path = FFVideoPlayerView.h; sourceTree = "<group>"; };
		284A0589209485AB00AC7421 /* FFVideoPlayerView.m */ = {isa = PBXFileReference; lastKnownFileType = sourcecode.c.objc; path = FFVideoPlayerView.m; sourceTree = "<group>"; };
		28D35EA82089994700229299 /* FFPlayerView.h */ = {isa = PBXFileReference; lastKnownFileType = sourcecode.c.h; path = FFPlayerView.h; sourceTree = "<group>"; };
		28D35EA92089994700229299 /* FFPlayerView.m */ = {isa = PBXFileReference; lastKnownFileType = sourcecode.c.objc; path = FFPlayerView.m; sourceTree = "<group>"; };
		28D35EAB2089995900229299 /* FFPlayerViewController.h */ = {isa = PBXFileReference; lastKnownFileType = sourcecode.c.h; path = FFPlayerViewController.h; sourceTree = "<group>"; };
		28D35EAC2089995900229299 /* FFPlayerViewController.m */ = {isa = PBXFileReference; lastKnownFileType = sourcecode.c.objc; path = FFPlayerViewController.m; sourceTree = "<group>"; };
/* End PBXFileReference section */

/* Begin PBXFrameworksBuildPhase section */
		2825767020872EC0004D1D38 /* Frameworks */ = {
			isa = PBXFrameworksBuildPhase;
			buildActionMask = 2147483647;
			files = (
			);
			runOnlyForDeploymentPostprocessing = 0;
		};
/* End PBXFrameworksBuildPhase section */

/* Begin PBXGroup section */
		2825766A20872EC0004D1D38 = {
			isa = PBXGroup;
			children = (
				2825767520872EC0004D1D38 /* FFAVPlayer */,
				2825767420872EC0004D1D38 /* Products */,
				2825768C208730B4004D1D38 /* Frameworks */,
			);
			sourceTree = "<group>";
		};
		2825767420872EC0004D1D38 /* Products */ = {
			isa = PBXGroup;
			children = (
				2825767320872EC0004D1D38 /* FFAVPlayer.app */,
			);
			name = Products;
			sourceTree = "<group>";
		};
		2825767520872EC0004D1D38 /* FFAVPlayer */ = {
			isa = PBXGroup;
			children = (
				2825767620872EC0004D1D38 /* AppDelegate.h */,
				2825767720872EC0004D1D38 /* AppDelegate.m */,
				2825767920872EC0004D1D38 /* ViewController.h */,
				2825767A20872EC0004D1D38 /* ViewController.m */,
				284A05382094445900AC7421 /* UIImage+Format.h */,
				284A05392094445900AC7421 /* UIImage+Format.m */,
				284A054B20947F1900AC7421 /* Configs */,
				28D35EA72089990700229299 /* Player */,
				2825767C20872EC0004D1D38 /* Main.storyboard */,
				284A055B20947F4F00AC7421 /* Masonry */,
				2825767F20872EC0004D1D38 /* Assets.xcassets */,
				2825768120872EC0004D1D38 /* LaunchScreen.storyboard */,
				2825768420872EC0004D1D38 /* Info.plist */,
				2825768520872EC0004D1D38 /* main.m */,
			);
			path = FFAVPlayer;
			sourceTree = "<group>";
		};
		2825768C208730B4004D1D38 /* Frameworks */ = {
			isa = PBXGroup;
			children = (
				2825768D208730B5004D1D38 /* AVFoundation.framework */,
			);
			name = Frameworks;
			sourceTree = "<group>";
		};
		284A054B20947F1900AC7421 /* Configs */ = {
			isa = PBXGroup;
			children = (
				284A055220947F2F00AC7421 /* SelPlaybackControls.h */,
				284A055720947F3000AC7421 /* SelPlaybackControls.m */,
				284A055320947F2F00AC7421 /* SelVideoPlayer.h */,
				284A055420947F2F00AC7421 /* SelVideoPlayer.m */,
				284A055520947F2F00AC7421 /* SelVideoSlider.h */,
				284A055620947F2F00AC7421 /* SelVideoSlider.m */,
				284A054C20947F1900AC7421 /* SelPlayerConfiguration.h */,
				284A054D20947F1900AC7421 /* SelPlayerConfiguration.m */,
				284A058020947FC600AC7421 /* UIViewController+PlayerRotation.h */,
				284A057F20947FC600AC7421 /* UIViewController+PlayerRotation.m */,
			);
			path = Configs;
			sourceTree = "<group>";
		};
		284A055B20947F4F00AC7421 /* Masonry */ = {
			isa = PBXGroup;
			children = (
				284A055C20947F4F00AC7421 /* MASCompositeConstraint.h */,
				284A055D20947F4F00AC7421 /* MASCompositeConstraint.m */,
				284A055E20947F4F00AC7421 /* MASConstraint+Private.h */,
				284A055F20947F4F00AC7421 /* MASConstraint.h */,
				284A056020947F4F00AC7421 /* MASConstraint.m */,
				284A056120947F4F00AC7421 /* MASConstraintMaker.h */,
				284A056220947F4F00AC7421 /* MASConstraintMaker.m */,
				284A056320947F4F00AC7421 /* MASLayoutConstraint.h */,
				284A056420947F4F00AC7421 /* MASLayoutConstraint.m */,
				284A056520947F4F00AC7421 /* Masonry.h */,
				284A056620947F4F00AC7421 /* MASUtilities.h */,
				284A056720947F4F00AC7421 /* MASViewAttribute.h */,
				284A056820947F4F00AC7421 /* MASViewAttribute.m */,
				284A056920947F4F00AC7421 /* MASViewConstraint.h */,
				284A056A20947F4F00AC7421 /* MASViewConstraint.m */,
				284A056B20947F4F00AC7421 /* NSArray+MASAdditions.h */,
				284A056C20947F4F00AC7421 /* NSArray+MASAdditions.m */,
				284A056D20947F4F00AC7421 /* NSArray+MASShorthandAdditions.h */,
				284A056E20947F4F00AC7421 /* NSLayoutConstraint+MASDebugAdditions.h */,
				284A056F20947F4F00AC7421 /* NSLayoutConstraint+MASDebugAdditions.m */,
				284A057020947F4F00AC7421 /* View+MASAdditions.h */,
				284A057120947F4F00AC7421 /* View+MASAdditions.m */,
				284A057220947F4F00AC7421 /* View+MASShorthandAdditions.h */,
				284A057320947F4F00AC7421 /* ViewController+MASAdditions.h */,
				284A057420947F4F00AC7421 /* ViewController+MASAdditions.m */,
			);
			path = Masonry;
			sourceTree = "<group>";
		};
		28D35EA72089990700229299 /* Player */ = {
			isa = PBXGroup;
			children = (
				28D35EAB2089995900229299 /* FFPlayerViewController.h */,
				28D35EAC2089995900229299 /* FFPlayerViewController.m */,
				284A05852094844400AC7421 /* FFPlayerConfiguration.h */,
				284A05862094844400AC7421 /* FFPlayerConfiguration.m */,
				284A05822094842F00AC7421 /* FFPlayerControlsView.h */,
				284A05832094842F00AC7421 /* FFPlayerControlsView.m */,
				284A0588209485AB00AC7421 /* FFVideoPlayerView.h */,
				284A0589209485AB00AC7421 /* FFVideoPlayerView.m */,
				28D35EA82089994700229299 /* FFPlayerView.h */,
				28D35EA92089994700229299 /* FFPlayerView.m */,
			);
			path = Player;
			sourceTree = "<group>";
		};
/* End PBXGroup section */

/* Begin PBXNativeTarget section */
		2825767220872EC0004D1D38 /* FFAVPlayer */ = {
			isa = PBXNativeTarget;
			buildConfigurationList = 2825768920872EC0004D1D38 /* Build configuration list for PBXNativeTarget "FFAVPlayer" */;
			buildPhases = (
				2825766F20872EC0004D1D38 /* Sources */,
				2825767020872EC0004D1D38 /* Frameworks */,
				2825767120872EC0004D1D38 /* Resources */,
			);
			buildRules = (
			);
			dependencies = (
			);
			name = FFAVPlayer;
			productName = FFAVPlayer;
			productReference = 2825767320872EC0004D1D38 /* FFAVPlayer.app */;
			productType = "com.apple.product-type.application";
		};
/* End PBXNativeTarget section */

/* Begin PBXProject section */
		2825766B20872EC0004D1D38 /* Project object */ = {
			isa = PBXProject;
			attributes = {
				LastUpgradeCheck = 0900;
				ORGANIZATIONNAME = cts;
				TargetAttributes = {
					2825767220872EC0004D1D38 = {
						CreatedOnToolsVersion = 9.0.1;
						ProvisioningStyle = Automatic;
					};
				};
			};
			buildConfigurationList = 2825766E20872EC0004D1D38 /* Build configuration list for PBXProject "FFAVPlayer" */;
			compatibilityVersion = "Xcode 8.0";
			developmentRegion = en;
			hasScannedForEncodings = 0;
			knownRegions = (
				en,
				Base,
			);
			mainGroup = 2825766A20872EC0004D1D38;
			productRefGroup = 2825767420872EC0004D1D38 /* Products */;
			projectDirPath = "";
			projectRoot = "";
			targets = (
				2825767220872EC0004D1D38 /* FFAVPlayer */,
			);
		};
/* End PBXProject section */

/* Begin PBXResourcesBuildPhase section */
		2825767120872EC0004D1D38 /* Resources */ = {
			isa = PBXResourcesBuildPhase;
			buildActionMask = 2147483647;
			files = (
				2825768320872EC0004D1D38 /* LaunchScreen.storyboard in Resources */,
				2825768020872EC0004D1D38 /* Assets.xcassets in Resources */,
				2825767E20872EC0004D1D38 /* Main.storyboard in Resources */,
			);
			runOnlyForDeploymentPostprocessing = 0;
		};
/* End PBXResourcesBuildPhase section */

/* Begin PBXSourcesBuildPhase section */
		2825766F20872EC0004D1D38 /* Sources */ = {
			isa = PBXSourcesBuildPhase;
			buildActionMask = 2147483647;
			files = (
				284A057D20947F4F00AC7421 /* View+MASAdditions.m in Sources */,
				284A058A209485AB00AC7421 /* FFVideoPlayerView.m in Sources */,
				2825767B20872EC0004D1D38 /* ViewController.m in Sources */,
				284A055A20947F3000AC7421 /* SelPlaybackControls.m in Sources */,
				2825768620872EC0004D1D38 /* main.m in Sources */,
				284A055920947F3000AC7421 /* SelVideoSlider.m in Sources */,
				284A053A2094445900AC7421 /* UIImage+Format.m in Sources */,
				284A057E20947F4F00AC7421 /* ViewController+MASAdditions.m in Sources */,
				284A057920947F4F00AC7421 /* MASViewAttribute.m in Sources */,
				284A057520947F4F00AC7421 /* MASCompositeConstraint.m in Sources */,
				284A055820947F3000AC7421 /* SelVideoPlayer.m in Sources */,
				284A055020947F1A00AC7421 /* SelPlayerConfiguration.m in Sources */,
				284A057720947F4F00AC7421 /* MASConstraintMaker.m in Sources */,
				284A057620947F4F00AC7421 /* MASConstraint.m in Sources */,
				284A057C20947F4F00AC7421 /* NSLayoutConstraint+MASDebugAdditions.m in Sources */,
				284A057820947F4F00AC7421 /* MASLayoutConstraint.m in Sources */,
				284A057B20947F4F00AC7421 /* NSArray+MASAdditions.m in Sources */,
				284A058120947FC600AC7421 /* UIViewController+PlayerRotation.m in Sources */,
				28D35EAA2089994700229299 /* FFPlayerView.m in Sources */,
				28D35EAD2089995900229299 /* FFPlayerViewController.m in Sources */,
				284A05842094842F00AC7421 /* FFPlayerControlsView.m in Sources */,
				2825767820872EC0004D1D38 /* AppDelegate.m in Sources */,
				284A057A20947F4F00AC7421 /* MASViewConstraint.m in Sources */,
				284A05872094844400AC7421 /* FFPlayerConfiguration.m in Sources */,
			);
			runOnlyForDeploymentPostprocessing = 0;
		};
/* End PBXSourcesBuildPhase section */

/* Begin PBXVariantGroup section */
		2825767C20872EC0004D1D38 /* Main.storyboard */ = {
			isa = PBXVariantGroup;
			children = (
				2825767D20872EC0004D1D38 /* Base */,
			);
			name = Main.storyboard;
			sourceTree = "<group>";
		};
		2825768120872EC0004D1D38 /* LaunchScreen.storyboard */ = {
			isa = PBXVariantGroup;
			children = (
				2825768220872EC0004D1D38 /* Base */,
			);
			name = LaunchScreen.storyboard;
			sourceTree = "<group>";
		};
/* End PBXVariantGroup section */

/* Begin XCBuildConfiguration section */
		2825768720872EC0004D1D38 /* Debug */ = {
			isa = XCBuildConfiguration;
			buildSettings = {
				ALWAYS_SEARCH_USER_PATHS = NO;
				CLANG_ANALYZER_NONNULL = YES;
				CLANG_ANALYZER_NUMBER_OBJECT_CONVERSION = YES_AGGRESSIVE;
				CLANG_CXX_LANGUAGE_STANDARD = "gnu++14";
				CLANG_CXX_LIBRARY = "libc++";
				CLANG_ENABLE_MODULES = YES;
				CLANG_ENABLE_OBJC_ARC = YES;
				CLANG_WARN_BLOCK_CAPTURE_AUTORELEASING = YES;
				CLANG_WARN_BOOL_CONVERSION = YES;
				CLANG_WARN_COMMA = YES;
				CLANG_WARN_CONSTANT_CONVERSION = YES;
				CLANG_WARN_DIRECT_OBJC_ISA_USAGE = YES_ERROR;
				CLANG_WARN_DOCUMENTATION_COMMENTS = YES;
				CLANG_WARN_EMPTY_BODY = YES;
				CLANG_WARN_ENUM_CONVERSION = YES;
				CLANG_WARN_INFINITE_RECURSION = YES;
				CLANG_WARN_INT_CONVERSION = YES;
				CLANG_WARN_NON_LITERAL_NULL_CONVERSION = YES;
				CLANG_WARN_OBJC_LITERAL_CONVERSION = YES;
				CLANG_WARN_OBJC_ROOT_CLASS = YES_ERROR;
				CLANG_WARN_RANGE_LOOP_ANALYSIS = YES;
				CLANG_WARN_STRICT_PROTOTYPES = YES;
				CLANG_WARN_SUSPICIOUS_MOVE = YES;
				CLANG_WARN_UNGUARDED_AVAILABILITY = YES_AGGRESSIVE;
				CLANG_WARN_UNREACHABLE_CODE = YES;
				CLANG_WARN__DUPLICATE_METHOD_MATCH = YES;
				CODE_SIGN_IDENTITY = "iPhone Developer";
				COPY_PHASE_STRIP = NO;
				DEBUG_INFORMATION_FORMAT = dwarf;
				ENABLE_STRICT_OBJC_MSGSEND = YES;
				ENABLE_TESTABILITY = YES;
				GCC_C_LANGUAGE_STANDARD = gnu11;
				GCC_DYNAMIC_NO_PIC = NO;
				GCC_NO_COMMON_BLOCKS = YES;
				GCC_OPTIMIZATION_LEVEL = 0;
				GCC_PREPROCESSOR_DEFINITIONS = (
					"DEBUG=1",
					"$(inherited)",
				);
				GCC_WARN_64_TO_32_BIT_CONVERSION = YES;
				GCC_WARN_ABOUT_RETURN_TYPE = YES_ERROR;
				GCC_WARN_UNDECLARED_SELECTOR = YES;
				GCC_WARN_UNINITIALIZED_AUTOS = YES_AGGRESSIVE;
				GCC_WARN_UNUSED_FUNCTION = YES;
				GCC_WARN_UNUSED_VARIABLE = YES;
				IPHONEOS_DEPLOYMENT_TARGET = 11.0;
				MTL_ENABLE_DEBUG_INFO = YES;
				ONLY_ACTIVE_ARCH = YES;
				SDKROOT = iphoneos;
			};
			name = Debug;
		};
		2825768820872EC0004D1D38 /* Release */ = {
			isa = XCBuildConfiguration;
			buildSettings = {
				ALWAYS_SEARCH_USER_PATHS = NO;
				CLANG_ANALYZER_NONNULL = YES;
				CLANG_ANALYZER_NUMBER_OBJECT_CONVERSION = YES_AGGRESSIVE;
				CLANG_CXX_LANGUAGE_STANDARD = "gnu++14";
				CLANG_CXX_LIBRARY = "libc++";
				CLANG_ENABLE_MODULES = YES;
				CLANG_ENABLE_OBJC_ARC = YES;
				CLANG_WARN_BLOCK_CAPTURE_AUTORELEASING = YES;
				CLANG_WARN_BOOL_CONVERSION = YES;
				CLANG_WARN_COMMA = YES;
				CLANG_WARN_CONSTANT_CONVERSION = YES;
				CLANG_WARN_DIRECT_OBJC_ISA_USAGE = YES_ERROR;
				CLANG_WARN_DOCUMENTATION_COMMENTS = YES;
				CLANG_WARN_EMPTY_BODY = YES;
				CLANG_WARN_ENUM_CONVERSION = YES;
				CLANG_WARN_INFINITE_RECURSION = YES;
				CLANG_WARN_INT_CONVERSION = YES;
				CLANG_WARN_NON_LITERAL_NULL_CONVERSION = YES;
				CLANG_WARN_OBJC_LITERAL_CONVERSION = YES;
				CLANG_WARN_OBJC_ROOT_CLASS = YES_ERROR;
				CLANG_WARN_RANGE_LOOP_ANALYSIS = YES;
				CLANG_WARN_STRICT_PROTOTYPES = YES;
				CLANG_WARN_SUSPICIOUS_MOVE = YES;
				CLANG_WARN_UNGUARDED_AVAILABILITY = YES_AGGRESSIVE;
				CLANG_WARN_UNREACHABLE_CODE = YES;
				CLANG_WARN__DUPLICATE_METHOD_MATCH = YES;
				CODE_SIGN_IDENTITY = "iPhone Developer";
				COPY_PHASE_STRIP = NO;
				DEBUG_INFORMATION_FORMAT = "dwarf-with-dsym";
				ENABLE_NS_ASSERTIONS = NO;
				ENABLE_STRICT_OBJC_MSGSEND = YES;
				GCC_C_LANGUAGE_STANDARD = gnu11;
				GCC_NO_COMMON_BLOCKS = YES;
				GCC_WARN_64_TO_32_BIT_CONVERSION = YES;
				GCC_WARN_ABOUT_RETURN_TYPE = YES_ERROR;
				GCC_WARN_UNDECLARED_SELECTOR = YES;
				GCC_WARN_UNINITIALIZED_AUTOS = YES_AGGRESSIVE;
				GCC_WARN_UNUSED_FUNCTION = YES;
				GCC_WARN_UNUSED_VARIABLE = YES;
				IPHONEOS_DEPLOYMENT_TARGET = 11.0;
				MTL_ENABLE_DEBUG_INFO = NO;
				SDKROOT = iphoneos;
				VALIDATE_PRODUCT = YES;
			};
			name = Release;
		};
		2825768A20872EC0004D1D38 /* Debug */ = {
			isa = XCBuildConfiguration;
			buildSettings = {
				ASSETCATALOG_COMPILER_APPICON_NAME = AppIcon;
				CODE_SIGN_STYLE = Automatic;
				DEVELOPMENT_TEAM = 9UKS39HDUB;
				EXCLUDED_RECURSIVE_SEARCH_PATH_SUBDIRECTORIES = "";
				INFOPLIST_FILE = FFAVPlayer/Info.plist;
				IPHONEOS_DEPLOYMENT_TARGET = 8.0;
				LD_RUNPATH_SEARCH_PATHS = "$(inherited) @executable_path/Frameworks";
				PRODUCT_BUNDLE_IDENTIFIER = com.code.FFAVPlayer;
				PRODUCT_NAME = "$(TARGET_NAME)";
				TARGETED_DEVICE_FAMILY = "1,2";
			};
			name = Debug;
		};
		2825768B20872EC0004D1D38 /* Release */ = {
			isa = XCBuildConfiguration;
			buildSettings = {
				ASSETCATALOG_COMPILER_APPICON_NAME = AppIcon;
				CODE_SIGN_STYLE = Automatic;
				DEVELOPMENT_TEAM = 9UKS39HDUB;
				EXCLUDED_RECURSIVE_SEARCH_PATH_SUBDIRECTORIES = "";
				INFOPLIST_FILE = FFAVPlayer/Info.plist;
				IPHONEOS_DEPLOYMENT_TARGET = 8.0;
				LD_RUNPATH_SEARCH_PATHS = "$(inherited) @executable_path/Frameworks";
				PRODUCT_BUNDLE_IDENTIFIER = com.code.FFAVPlayer;
				PRODUCT_NAME = "$(TARGET_NAME)";
				TARGETED_DEVICE_FAMILY = "1,2";
			};
			name = Release;
		};
/* End XCBuildConfiguration section */

/* Begin XCConfigurationList section */
		2825766E20872EC0004D1D38 /* Build configuration list for PBXProject "FFAVPlayer" */ = {
			isa = XCConfigurationList;
			buildConfigurations = (
				2825768720872EC0004D1D38 /* Debug */,
				2825768820872EC0004D1D38 /* Release */,
			);
			defaultConfigurationIsVisible = 0;
			defaultConfigurationName = Release;
		};
		2825768920872EC0004D1D38 /* Build configuration list for PBXNativeTarget "FFAVPlayer" */ = {
			isa = XCConfigurationList;
			buildConfigurations = (
				2825768A20872EC0004D1D38 /* Debug */,
				2825768B20872EC0004D1D38 /* Release */,
			);
			defaultConfigurationIsVisible = 0;
			defaultConfigurationName = Release;
		};
/* End XCConfigurationList section */
	};
	rootObject = 2825766B20872EC0004D1D38 /* Project object */;
}
